
Microsoft Visual Studio Solution File, Format Version 12.00
# Visual Studio 14
VisualStudioVersion = 14.0.25420.1
MinimumVisualStudioVersion = 10.0.40219.1
Project("{FAE04EC0-301F-11D3-BF4B-00C04F79EFBC}") = "CMPE1600_ICA7", "CMPE1600_ICA7.csproj", "{7CC081A5-EA06-4F5B-9ABD-0900403334CB}"
EndProject
Global
	GlobalSection(SolutionConfigurationPlatforms) = preSolution
		Debug|Any CPU = Debug|Any CPU
		Release|Any CPU = Release|Any CPU
	EndGlobalSection
	GlobalSection(ProjectConfigurationPlatforms) = postSolution
		{7CC081A5-EA06-4F5B-9ABD-0900403334CB}.Debug|Any CPU.ActiveCfg = Debug|Any CPU
		{7CC081A5-EA06-4F5B-9ABD-0900403334CB}.Debug|Any CPU.Build.0 = Debug|Any CPU
		{7CC081A5-EA06-4F5B-9ABD-0900403334CB}.Release|Any CPU.ActiveCfg = Release|Any CPU
		{7CC081A5-EA06-4F5B-9ABD-0900403334CB}.Release|Any CPU.Build.0 = Release|Any CPU
	EndGlobalSection
	GlobalSection(SolutionProperties) = preSolution
		HideSolutionNode = FALSE
	EndGlobalSection
EndGlobal
